
Microsoft Visual Studio Solution File, Format Version 12.00
# Visual Studio 15
VisualStudioVersion = 15.0.27130.2010
MinimumVisualStudioVersion = 10.0.40219.1
Project("{FAE04EC0-301F-11D3-BF4B-00C04F79EFBC}") = "CR API csharp wrapper", "CR API csharp wrapper.csproj", "{2AC9DD68-3A26-4F74-A87B-1C1BEC7FC12E}"
EndProject
Project("{FAE04EC0-301F-11D3-BF4B-00C04F79EFBC}") = "ExampleUsage", "..\ExampleUsage\ExampleUsage.csproj", "{DDDCB27D-E97A-425D-80CD-7BFBBE797E03}"
EndProject
Project("{FAE04EC0-301F-11D3-BF4B-00C04F79EFBC}") = "CR Standart Wrapper", "..\CR API Standart Wrapper\CR Standart Wrapper.csproj", "{79852E97-D6D3-4260-AA78-0D36915A81FF}"
EndProject
Global
	GlobalSection(SolutionConfigurationPlatforms) = preSolution
		Debug|Any CPU = Debug|Any CPU
		Release|Any CPU = Release|Any CPU
	EndGlobalSection
	GlobalSection(ProjectConfigurationPlatforms) = postSolution
		{2AC9DD68-3A26-4F74-A87B-1C1BEC7FC12E}.Debug|Any CPU.ActiveCfg = Debug|Any CPU
		{2AC9DD68-3A26-4F74-A87B-1C1BEC7FC12E}.Debug|Any CPU.Build.0 = Debug|Any CPU
		{2AC9DD68-3A26-4F74-A87B-1C1BEC7FC12E}.Release|Any CPU.ActiveCfg = Release|Any CPU
		{2AC9DD68-3A26-4F74-A87B-1C1BEC7FC12E}.Release|Any CPU.Build.0 = Release|Any CPU
		{DDDCB27D-E97A-425D-80CD-7BFBBE797E03}.Debug|Any CPU.ActiveCfg = Debug|Any CPU
		{DDDCB27D-E97A-425D-80CD-7BFBBE797E03}.Debug|Any CPU.Build.0 = Debug|Any CPU
		{DDDCB27D-E97A-425D-80CD-7BFBBE797E03}.Release|Any CPU.ActiveCfg = Release|Any CPU
		{DDDCB27D-E97A-425D-80CD-7BFBBE797E03}.Release|Any CPU.Build.0 = Release|Any CPU
		{79852E97-D6D3-4260-AA78-0D36915A81FF}.Debug|Any CPU.ActiveCfg = Debug|Any CPU
		{79852E97-D6D3-4260-AA78-0D36915A81FF}.Debug|Any CPU.Build.0 = Debug|Any CPU
		{79852E97-D6D3-4260-AA78-0D36915A81FF}.Release|Any CPU.ActiveCfg = Release|Any CPU
		{79852E97-D6D3-4260-AA78-0D36915A81FF}.Release|Any CPU.Build.0 = Release|Any CPU
	EndGlobalSection
	GlobalSection(SolutionProperties) = preSolution
		HideSolutionNode = FALSE
	EndGlobalSection
	GlobalSection(ExtensibilityGlobals) = postSolution
		SolutionGuid = {6F640453-9EE6-4D84-889B-3D5AF061D411}
	EndGlobalSection
EndGlobal
